
Microsoft Visual Studio Solution File, Format Version 12.00
# Visual Studio 15
VisualStudioVersion = 15.0.28307.645
MinimumVisualStudioVersion = 10.0.40219.1
Project("{9A19103F-16F7-4668-BE54-9A1E7A4F7556}") = "flights-generator", "flights-generator.csproj", "{A5F56A8E-B411-4985-855F-2302554FC94E}"
EndProject
Global
	GlobalSection(SolutionConfigurationPlatforms) = preSolution
		Debug|Any CPU = Debug|Any CPU
		Release|Any CPU = Release|Any CPU
	EndGlobalSection
	GlobalSection(ProjectConfigurationPlatforms) = postSolution
		{A5F56A8E-B411-4985-855F-2302554FC94E}.Debug|Any CPU.ActiveCfg = Debug|Any CPU
		{A5F56A8E-B411-4985-855F-2302554FC94E}.Debug|Any CPU.Build.0 = Debug|Any CPU
		{A5F56A8E-B411-4985-855F-2302554FC94E}.Release|Any CPU.ActiveCfg = Release|Any CPU
		{A5F56A8E-B411-4985-855F-2302554FC94E}.Release|Any CPU.Build.0 = Release|Any CPU
	EndGlobalSection
	GlobalSection(SolutionProperties) = preSolution
		HideSolutionNode = FALSE
	EndGlobalSection
	GlobalSection(ExtensibilityGlobals) = postSolution
		SolutionGuid = {74653121-7A3B-4358-BD63-0E0FAB8D06D5}
	EndGlobalSection
EndGlobal
